
Microsoft Visual Studio Solution File, Format Version 12.00
# Visual Studio 15
Project("{FAE04EC0-301F-11D3-BF4B-00C04F79EFBC}") = "Meryel.CodeAssist.Editor", "Meryel.CodeAssist.Editor.csproj", "{6AB6E2A1-B798-6838-7670-DFC50FE51C96}"
EndProject
Project("{FAE04EC0-301F-11D3-BF4B-00C04F79EFBC}") = "Assembly-CSharp", "Assembly-CSharp.csproj", "{4CB22A55-58F6-6DBB-EB2D-D84A7AF16CBF}"
EndProject
Global
	GlobalSection(SolutionConfigurationPlatforms) = preSolution
		Debug|Any CPU = Debug|Any CPU
		Release|Any CPU = Release|Any CPU
	EndGlobalSection
	GlobalSection(ProjectConfigurationPlatforms) = postSolution
		{6AB6E2A1-B798-6838-7670-DFC50FE51C96}.Debug|Any CPU.ActiveCfg = Debug|Any CPU
		{6AB6E2A1-B798-6838-7670-DFC50FE51C96}.Debug|Any CPU.Build.0 = Debug|Any CPU
		{6AB6E2A1-B798-6838-7670-DFC50FE51C96}.Release|Any CPU.ActiveCfg = Release|Any CPU
		{6AB6E2A1-B798-6838-7670-DFC50FE51C96}.Release|Any CPU.Build.0 = Release|Any CPU
		{4CB22A55-58F6-6DBB-EB2D-D84A7AF16CBF}.Debug|Any CPU.ActiveCfg = Debug|Any CPU
		{4CB22A55-58F6-6DBB-EB2D-D84A7AF16CBF}.Debug|Any CPU.Build.0 = Debug|Any CPU
		{4CB22A55-58F6-6DBB-EB2D-D84A7AF16CBF}.Release|Any CPU.ActiveCfg = Release|Any CPU
		{4CB22A55-58F6-6DBB-EB2D-D84A7AF16CBF}.Release|Any CPU.Build.0 = Release|Any CPU
	EndGlobalSection
	GlobalSection(SolutionProperties) = preSolution
		HideSolutionNode = FALSE
	EndGlobalSection
EndGlobal
